
Microsoft Visual Studio Solution File, Format Version 12.00
Project("{FAE04EC0-301F-11D3-BF4B-00C04F79EFBC}") = "LambdaDelegatesLINQ002", "LambdaDelegatesLINQ002\LambdaDelegatesLINQ002.csproj", "{297B0B1D-3629-4A19-9A5A-B288E606FA01}"
EndProject
Global
	GlobalSection(SolutionConfigurationPlatforms) = preSolution
		Debug|Any CPU = Debug|Any CPU
		Release|Any CPU = Release|Any CPU
	EndGlobalSection
	GlobalSection(ProjectConfigurationPlatforms) = postSolution
		{297B0B1D-3629-4A19-9A5A-B288E606FA01}.Debug|Any CPU.ActiveCfg = Debug|Any CPU
		{297B0B1D-3629-4A19-9A5A-B288E606FA01}.Debug|Any CPU.Build.0 = Debug|Any CPU
		{297B0B1D-3629-4A19-9A5A-B288E606FA01}.Release|Any CPU.ActiveCfg = Release|Any CPU
		{297B0B1D-3629-4A19-9A5A-B288E606FA01}.Release|Any CPU.Build.0 = Release|Any CPU
	EndGlobalSection
EndGlobal
