
Microsoft Visual Studio Solution File, Format Version 12.00
Project("{FAE04EC0-301F-11D3-BF4B-00C04F79EFBC}") = "RSA", "RSA\RSA.csproj", "{2B9F4A6C-9D26-4C07-8E9B-AD988FEB7D7B}"
EndProject
Global
	GlobalSection(SolutionConfigurationPlatforms) = preSolution
		Debug|Any CPU = Debug|Any CPU
		Release|Any CPU = Release|Any CPU
	EndGlobalSection
	GlobalSection(ProjectConfigurationPlatforms) = postSolution
		{2B9F4A6C-9D26-4C07-8E9B-AD988FEB7D7B}.Debug|Any CPU.ActiveCfg = Debug|Any CPU
		{2B9F4A6C-9D26-4C07-8E9B-AD988FEB7D7B}.Debug|Any CPU.Build.0 = Debug|Any CPU
		{2B9F4A6C-9D26-4C07-8E9B-AD988FEB7D7B}.Release|Any CPU.ActiveCfg = Release|Any CPU
		{2B9F4A6C-9D26-4C07-8E9B-AD988FEB7D7B}.Release|Any CPU.Build.0 = Release|Any CPU
	EndGlobalSection
EndGlobal
