
Microsoft Visual Studio Solution File, Format Version 12.00
Project("{FAE04EC0-301F-11D3-BF4B-00C04F79EFBC}") = "Udemy011", "Udemy011\Udemy011.csproj", "{0F3DBF94-6D7C-41A0-AD09-CAFC11C4C5A0}"
EndProject
Global
	GlobalSection(SolutionConfigurationPlatforms) = preSolution
		Debug|Any CPU = Debug|Any CPU
		Release|Any CPU = Release|Any CPU
	EndGlobalSection
	GlobalSection(ProjectConfigurationPlatforms) = postSolution
		{0F3DBF94-6D7C-41A0-AD09-CAFC11C4C5A0}.Debug|Any CPU.ActiveCfg = Debug|Any CPU
		{0F3DBF94-6D7C-41A0-AD09-CAFC11C4C5A0}.Debug|Any CPU.Build.0 = Debug|Any CPU
		{0F3DBF94-6D7C-41A0-AD09-CAFC11C4C5A0}.Release|Any CPU.ActiveCfg = Release|Any CPU
		{0F3DBF94-6D7C-41A0-AD09-CAFC11C4C5A0}.Release|Any CPU.Build.0 = Release|Any CPU
	EndGlobalSection
EndGlobal
