
Microsoft Visual Studio Solution File, Format Version 12.00
Project("{FAE04EC0-301F-11D3-BF4B-00C04F79EFBC}") = "_01_Delegate", "_01_Delegate\_01_Delegate.csproj", "{D30640C2-DFD3-4039-8EAF-461BA87E9CA9}"
EndProject
Project("{FAE04EC0-301F-11D3-BF4B-00C04F79EFBC}") = "_02_Delegate", "_02_Delegate\_02_Delegate.csproj", "{3CBE28A8-43F7-44B4-94E1-C2A7EC8898FD}"
EndProject
Global
	GlobalSection(SolutionConfigurationPlatforms) = preSolution
		Debug|Any CPU = Debug|Any CPU
		Release|Any CPU = Release|Any CPU
	EndGlobalSection
	GlobalSection(ProjectConfigurationPlatforms) = postSolution
		{D30640C2-DFD3-4039-8EAF-461BA87E9CA9}.Debug|Any CPU.ActiveCfg = Debug|Any CPU
		{D30640C2-DFD3-4039-8EAF-461BA87E9CA9}.Debug|Any CPU.Build.0 = Debug|Any CPU
		{D30640C2-DFD3-4039-8EAF-461BA87E9CA9}.Release|Any CPU.ActiveCfg = Release|Any CPU
		{D30640C2-DFD3-4039-8EAF-461BA87E9CA9}.Release|Any CPU.Build.0 = Release|Any CPU
		{3CBE28A8-43F7-44B4-94E1-C2A7EC8898FD}.Debug|Any CPU.ActiveCfg = Debug|Any CPU
		{3CBE28A8-43F7-44B4-94E1-C2A7EC8898FD}.Debug|Any CPU.Build.0 = Debug|Any CPU
		{3CBE28A8-43F7-44B4-94E1-C2A7EC8898FD}.Release|Any CPU.ActiveCfg = Release|Any CPU
		{3CBE28A8-43F7-44B4-94E1-C2A7EC8898FD}.Release|Any CPU.Build.0 = Release|Any CPU
	EndGlobalSection
EndGlobal
