
Microsoft Visual Studio Solution File, Format Version 12.00
Project("{FAE04EC0-301F-11D3-BF4B-00C04F79EFBC}") = "Lista1Ex3", "Lista1Ex3\Lista1Ex3.csproj", "{39E0F3DC-2F6C-4505-86D1-DF8D898F4F28}"
EndProject
Global
	GlobalSection(SolutionConfigurationPlatforms) = preSolution
		Debug|Any CPU = Debug|Any CPU
		Release|Any CPU = Release|Any CPU
	EndGlobalSection
	GlobalSection(ProjectConfigurationPlatforms) = postSolution
		{39E0F3DC-2F6C-4505-86D1-DF8D898F4F28}.Debug|Any CPU.ActiveCfg = Debug|Any CPU
		{39E0F3DC-2F6C-4505-86D1-DF8D898F4F28}.Debug|Any CPU.Build.0 = Debug|Any CPU
		{39E0F3DC-2F6C-4505-86D1-DF8D898F4F28}.Release|Any CPU.ActiveCfg = Release|Any CPU
		{39E0F3DC-2F6C-4505-86D1-DF8D898F4F28}.Release|Any CPU.Build.0 = Release|Any CPU
	EndGlobalSection
EndGlobal
