
Microsoft Visual Studio Solution File, Format Version 12.00
Project("{FAE04EC0-301F-11D3-BF4B-00C04F79EFBC}") = "Udemy014", "Udemy014\Udemy014.csproj", "{90726ADE-F954-4846-9D1C-E00244BDA5C2}"
EndProject
Global
	GlobalSection(SolutionConfigurationPlatforms) = preSolution
		Debug|Any CPU = Debug|Any CPU
		Release|Any CPU = Release|Any CPU
	EndGlobalSection
	GlobalSection(ProjectConfigurationPlatforms) = postSolution
		{90726ADE-F954-4846-9D1C-E00244BDA5C2}.Debug|Any CPU.ActiveCfg = Debug|Any CPU
		{90726ADE-F954-4846-9D1C-E00244BDA5C2}.Debug|Any CPU.Build.0 = Debug|Any CPU
		{90726ADE-F954-4846-9D1C-E00244BDA5C2}.Release|Any CPU.ActiveCfg = Release|Any CPU
		{90726ADE-F954-4846-9D1C-E00244BDA5C2}.Release|Any CPU.Build.0 = Release|Any CPU
	EndGlobalSection
EndGlobal
