
Microsoft Visual Studio Solution File, Format Version 12.00
Project("{FAE04EC0-301F-11D3-BF4B-00C04F79EFBC}") = "Udemy012", "Udemy012\Udemy012.csproj", "{B4E4E4D8-9403-433D-B565-7E4D3BB846E6}"
EndProject
Global
	GlobalSection(SolutionConfigurationPlatforms) = preSolution
		Debug|Any CPU = Debug|Any CPU
		Release|Any CPU = Release|Any CPU
	EndGlobalSection
	GlobalSection(ProjectConfigurationPlatforms) = postSolution
		{B4E4E4D8-9403-433D-B565-7E4D3BB846E6}.Debug|Any CPU.ActiveCfg = Debug|Any CPU
		{B4E4E4D8-9403-433D-B565-7E4D3BB846E6}.Debug|Any CPU.Build.0 = Debug|Any CPU
		{B4E4E4D8-9403-433D-B565-7E4D3BB846E6}.Release|Any CPU.ActiveCfg = Release|Any CPU
		{B4E4E4D8-9403-433D-B565-7E4D3BB846E6}.Release|Any CPU.Build.0 = Release|Any CPU
	EndGlobalSection
EndGlobal
