
Microsoft Visual Studio Solution File, Format Version 12.00
Project("{FAE04EC0-301F-11D3-BF4B-00C04F79EFBC}") = "_01_LINQ", "_01_LINQ\_01_LINQ.csproj", "{B5B55F5C-DD22-474C-9264-85D45B3042ED}"
EndProject
Project("{FAE04EC0-301F-11D3-BF4B-00C04F79EFBC}") = "_02_LINQ", "_02_LINQ\_02_LINQ.csproj", "{CF15BCC0-B4F9-47B7-91DD-878275D7B9C2}"
EndProject
Project("{FAE04EC0-301F-11D3-BF4B-00C04F79EFBC}") = "_03_LINQ", "_03_LINQ\_03_LINQ.csproj", "{5DDE81DD-B2B5-45BD-A102-F7466BA705AC}"
EndProject
Project("{FAE04EC0-301F-11D3-BF4B-00C04F79EFBC}") = "_04_LINQ", "_04_LINQ\_04_LINQ.csproj", "{F7D86B99-4608-4154-BB8B-70EA40538375}"
EndProject
Project("{FAE04EC0-301F-11D3-BF4B-00C04F79EFBC}") = "_05_LINQ_GROUP", "_05_LINQ_GROUP\_05_LINQ_GROUP.csproj", "{90B52927-52DC-4561-A5EA-7A38483047A4}"
EndProject
Global
	GlobalSection(SolutionConfigurationPlatforms) = preSolution
		Debug|Any CPU = Debug|Any CPU
		Release|Any CPU = Release|Any CPU
	EndGlobalSection
	GlobalSection(ProjectConfigurationPlatforms) = postSolution
		{B5B55F5C-DD22-474C-9264-85D45B3042ED}.Debug|Any CPU.ActiveCfg = Debug|Any CPU
		{B5B55F5C-DD22-474C-9264-85D45B3042ED}.Debug|Any CPU.Build.0 = Debug|Any CPU
		{B5B55F5C-DD22-474C-9264-85D45B3042ED}.Release|Any CPU.ActiveCfg = Release|Any CPU
		{B5B55F5C-DD22-474C-9264-85D45B3042ED}.Release|Any CPU.Build.0 = Release|Any CPU
		{CF15BCC0-B4F9-47B7-91DD-878275D7B9C2}.Debug|Any CPU.ActiveCfg = Debug|Any CPU
		{CF15BCC0-B4F9-47B7-91DD-878275D7B9C2}.Debug|Any CPU.Build.0 = Debug|Any CPU
		{CF15BCC0-B4F9-47B7-91DD-878275D7B9C2}.Release|Any CPU.ActiveCfg = Release|Any CPU
		{CF15BCC0-B4F9-47B7-91DD-878275D7B9C2}.Release|Any CPU.Build.0 = Release|Any CPU
		{5DDE81DD-B2B5-45BD-A102-F7466BA705AC}.Debug|Any CPU.ActiveCfg = Debug|Any CPU
		{5DDE81DD-B2B5-45BD-A102-F7466BA705AC}.Debug|Any CPU.Build.0 = Debug|Any CPU
		{5DDE81DD-B2B5-45BD-A102-F7466BA705AC}.Release|Any CPU.ActiveCfg = Release|Any CPU
		{5DDE81DD-B2B5-45BD-A102-F7466BA705AC}.Release|Any CPU.Build.0 = Release|Any CPU
		{F7D86B99-4608-4154-BB8B-70EA40538375}.Debug|Any CPU.ActiveCfg = Debug|Any CPU
		{F7D86B99-4608-4154-BB8B-70EA40538375}.Debug|Any CPU.Build.0 = Debug|Any CPU
		{F7D86B99-4608-4154-BB8B-70EA40538375}.Release|Any CPU.ActiveCfg = Release|Any CPU
		{F7D86B99-4608-4154-BB8B-70EA40538375}.Release|Any CPU.Build.0 = Release|Any CPU
		{90B52927-52DC-4561-A5EA-7A38483047A4}.Debug|Any CPU.ActiveCfg = Debug|Any CPU
		{90B52927-52DC-4561-A5EA-7A38483047A4}.Debug|Any CPU.Build.0 = Debug|Any CPU
		{90B52927-52DC-4561-A5EA-7A38483047A4}.Release|Any CPU.ActiveCfg = Release|Any CPU
		{90B52927-52DC-4561-A5EA-7A38483047A4}.Release|Any CPU.Build.0 = Release|Any CPU
	EndGlobalSection
EndGlobal
