
Microsoft Visual Studio Solution File, Format Version 12.00
Project("{FAE04EC0-301F-11D3-BF4B-00C04F79EFBC}") = "TopicosEspeciais", "TopicosEspeciais\TopicosEspeciais.csproj", "{DC20418D-D2F0-422E-96F6-AC03F6957A27}"
EndProject
Global
	GlobalSection(SolutionConfigurationPlatforms) = preSolution
		Debug|Any CPU = Debug|Any CPU
		Release|Any CPU = Release|Any CPU
	EndGlobalSection
	GlobalSection(ProjectConfigurationPlatforms) = postSolution
		{DC20418D-D2F0-422E-96F6-AC03F6957A27}.Debug|Any CPU.ActiveCfg = Debug|Any CPU
		{DC20418D-D2F0-422E-96F6-AC03F6957A27}.Debug|Any CPU.Build.0 = Debug|Any CPU
		{DC20418D-D2F0-422E-96F6-AC03F6957A27}.Release|Any CPU.ActiveCfg = Release|Any CPU
		{DC20418D-D2F0-422E-96F6-AC03F6957A27}.Release|Any CPU.Build.0 = Release|Any CPU
	EndGlobalSection
EndGlobal
