
Microsoft Visual Studio Solution File, Format Version 12.00
Project("{FAE04EC0-301F-11D3-BF4B-00C04F79EFBC}") = "LabdaDelegatesLINQ010", "LabdaDelegatesLINQ010\LabdaDelegatesLINQ010.csproj", "{472205E5-F8EC-4E76-B5E6-2AC819690914}"
EndProject
Global
	GlobalSection(SolutionConfigurationPlatforms) = preSolution
		Debug|Any CPU = Debug|Any CPU
		Release|Any CPU = Release|Any CPU
	EndGlobalSection
	GlobalSection(ProjectConfigurationPlatforms) = postSolution
		{472205E5-F8EC-4E76-B5E6-2AC819690914}.Debug|Any CPU.ActiveCfg = Debug|Any CPU
		{472205E5-F8EC-4E76-B5E6-2AC819690914}.Debug|Any CPU.Build.0 = Debug|Any CPU
		{472205E5-F8EC-4E76-B5E6-2AC819690914}.Release|Any CPU.ActiveCfg = Release|Any CPU
		{472205E5-F8EC-4E76-B5E6-2AC819690914}.Release|Any CPU.Build.0 = Release|Any CPU
	EndGlobalSection
EndGlobal
