
Microsoft Visual Studio Solution File, Format Version 12.00
Project("{FAE04EC0-301F-11D3-BF4B-00C04F79EFBC}") = "LambdaDelegatesLINQ008", "LambdaDelegatesLINQ008\LambdaDelegatesLINQ008.csproj", "{171D3A30-ED06-4496-9F1C-B2AAF9081D20}"
EndProject
Global
	GlobalSection(SolutionConfigurationPlatforms) = preSolution
		Debug|Any CPU = Debug|Any CPU
		Release|Any CPU = Release|Any CPU
	EndGlobalSection
	GlobalSection(ProjectConfigurationPlatforms) = postSolution
		{171D3A30-ED06-4496-9F1C-B2AAF9081D20}.Debug|Any CPU.ActiveCfg = Debug|Any CPU
		{171D3A30-ED06-4496-9F1C-B2AAF9081D20}.Debug|Any CPU.Build.0 = Debug|Any CPU
		{171D3A30-ED06-4496-9F1C-B2AAF9081D20}.Release|Any CPU.ActiveCfg = Release|Any CPU
		{171D3A30-ED06-4496-9F1C-B2AAF9081D20}.Release|Any CPU.Build.0 = Release|Any CPU
	EndGlobalSection
EndGlobal
